
Microsoft Visual Studio Solution File, Format Version 12.00
# Visual Studio Version 16
VisualStudioVersion = 16.0.31624.102
MinimumVisualStudioVersion = 10.0.40219.1
Project("{FAE04EC0-301F-11D3-BF4B-00C04F79EFBC}") = "MovieProject", "MovieProject.csproj", "{A823CABF-F7F3-4F41-9EB7-881FA3D75987}"
EndProject
Global
	GlobalSection(SolutionConfigurationPlatforms) = preSolution
		Debug|Any CPU = Debug|Any CPU
		Release|Any CPU = Release|Any CPU
	EndGlobalSection
	GlobalSection(ProjectConfigurationPlatforms) = postSolution
		{A823CABF-F7F3-4F41-9EB7-881FA3D75987}.Debug|Any CPU.ActiveCfg = Debug|Any CPU
		{A823CABF-F7F3-4F41-9EB7-881FA3D75987}.Debug|Any CPU.Build.0 = Debug|Any CPU
		{A823CABF-F7F3-4F41-9EB7-881FA3D75987}.Release|Any CPU.ActiveCfg = Release|Any CPU
		{A823CABF-F7F3-4F41-9EB7-881FA3D75987}.Release|Any CPU.Build.0 = Release|Any CPU
	EndGlobalSection
	GlobalSection(SolutionProperties) = preSolution
		HideSolutionNode = FALSE
	EndGlobalSection
	GlobalSection(ExtensibilityGlobals) = postSolution
		SolutionGuid = {45DD9990-59C5-4684-B94F-8E6CF3CCE33A}
	EndGlobalSection
EndGlobal
